
Microsoft Visual Studio Solution File, Format Version 12.00
# Visual Studio 15
VisualStudioVersion = 15.0.27130.2027
MinimumVisualStudioVersion = 10.0.40219.1
Project("{FAE04EC0-301F-11D3-BF4B-00C04F79EFBC}") = "SampleWebApi", "SampleWebApi\SampleWebApi.csproj", "{3434466B-F403-45DD-BC6B-34E4CDAC4812}"
EndProject
Project("{FAE04EC0-301F-11D3-BF4B-00C04F79EFBC}") = "SampleWebApi.Tests", "SampleWebApi.Tests\SampleWebApi.Tests.csproj", "{A04E9F03-2FBA-47C2-A2CA-C6E671CDDE67}"
EndProject
Global
	GlobalSection(SolutionConfigurationPlatforms) = preSolution
		Debug|Any CPU = Debug|Any CPU
		Release|Any CPU = Release|Any CPU
	EndGlobalSection
	GlobalSection(ProjectConfigurationPlatforms) = postSolution
		{3434466B-F403-45DD-BC6B-34E4CDAC4812}.Debug|Any CPU.ActiveCfg = Debug|Any CPU
		{3434466B-F403-45DD-BC6B-34E4CDAC4812}.Debug|Any CPU.Build.0 = Debug|Any CPU
		{3434466B-F403-45DD-BC6B-34E4CDAC4812}.Release|Any CPU.ActiveCfg = Release|Any CPU
		{3434466B-F403-45DD-BC6B-34E4CDAC4812}.Release|Any CPU.Build.0 = Release|Any CPU
		{A04E9F03-2FBA-47C2-A2CA-C6E671CDDE67}.Debug|Any CPU.ActiveCfg = Debug|Any CPU
		{A04E9F03-2FBA-47C2-A2CA-C6E671CDDE67}.Debug|Any CPU.Build.0 = Debug|Any CPU
		{A04E9F03-2FBA-47C2-A2CA-C6E671CDDE67}.Release|Any CPU.ActiveCfg = Release|Any CPU
		{A04E9F03-2FBA-47C2-A2CA-C6E671CDDE67}.Release|Any CPU.Build.0 = Release|Any CPU
	EndGlobalSection
	GlobalSection(SolutionProperties) = preSolution
		HideSolutionNode = FALSE
	EndGlobalSection
	GlobalSection(ExtensibilityGlobals) = postSolution
		SolutionGuid = {1DD29B62-2F9D-4013-BA1C-1F5B795AAFE8}
	EndGlobalSection
EndGlobal
